
Microsoft Visual Studio Solution File, Format Version 12.00
# Visual Studio Version 17
VisualStudioVersion = 17.4.33122.133
MinimumVisualStudioVersion = 10.0.40219.1
Project("{2150E333-8FDC-42A3-9474-1A3956D46DE8}") = "Services", "Services", "{6906F2B2-2CD2-4B0F-9B93-B62F42B4661F}"
EndProject
Project("{2150E333-8FDC-42A3-9474-1A3956D46DE8}") = "Catalog", "Catalog", "{0CDBE5DA-00E1-41B6-922C-7AE502D23124}"
EndProject
Project("{9A19103F-16F7-4668-BE54-9A1E7A4F7556}") = "FreeCourse.Services.Catalog", "Services\Catalog\FreeCourse.Services.Catalog\FreeCourse.Services.Catalog.csproj", "{C1825A18-0719-4D28-852A-54AFD9CF6EF2}"
EndProject
Project("{2150E333-8FDC-42A3-9474-1A3956D46DE8}") = "Solution Items", "Solution Items", "{971F2018-0696-4F53-9C5F-30B95B45CB8B}"
	ProjectSection(SolutionItems) = preProject
		Ports.txt = Ports.txt
	EndProjectSection
EndProject
Project("{2150E333-8FDC-42A3-9474-1A3956D46DE8}") = "Shared", "Shared", "{57A5C0E4-FF34-4B7B-90FB-64FC0E758FF2}"
EndProject
Project("{9A19103F-16F7-4668-BE54-9A1E7A4F7556}") = "FreeCourse.Shared", "Shared\FreeCourse.Shared\FreeCourse.Shared.csproj", "{ED81E8F5-765D-404B-A200-EDCBEE19F0F3}"
EndProject
Project("{2150E333-8FDC-42A3-9474-1A3956D46DE8}") = "IdentityServer", "IdentityServer", "{FC6F46FB-5E43-497C-AD08-A315BC3A13CA}"
EndProject
Project("{9A19103F-16F7-4668-BE54-9A1E7A4F7556}") = "FreeCourse.IdentityServer", "IdentityServer\FreeCourse.IdentityServer\FreeCourse.IdentityServer.csproj", "{54D1116F-4866-4345-B494-872C8A208C9E}"
EndProject
Project("{2150E333-8FDC-42A3-9474-1A3956D46DE8}") = "PhotoStock", "PhotoStock", "{AD89D549-08D1-449C-95A2-1873B4642884}"
EndProject
Project("{9A19103F-16F7-4668-BE54-9A1E7A4F7556}") = "FreeCourse.Services.PhotoStock", "Services\PhotoStock\FreeCourse.Services.PhotoStock\FreeCourse.Services.PhotoStock.csproj", "{04353BA8-F226-46A8-B620-EBAB4FD70B48}"
EndProject
Project("{2150E333-8FDC-42A3-9474-1A3956D46DE8}") = "Basket", "Basket", "{67E70175-0F75-42FB-BE2E-6D752A6A9B9B}"
EndProject
Project("{9A19103F-16F7-4668-BE54-9A1E7A4F7556}") = "FreeCourse.Services.Basket", "Services\Basket\FreeCourse.Services.Basket\FreeCourse.Services.Basket.csproj", "{06D7521E-473A-40E0-9A9E-743921C1D721}"
EndProject
Project("{2150E333-8FDC-42A3-9474-1A3956D46DE8}") = "Discount", "Discount", "{6A504242-8B08-49A8-8072-89E1A2E414ED}"
EndProject
Project("{FAE04EC0-301F-11D3-BF4B-00C04F79EFBC}") = "FreeCourse.Services.Discount", "Services\Discount\FreeCourse.Services.Discount\FreeCourse.Services.Discount.csproj", "{84F795A7-5402-41C3-BC5A-80B75240FF3E}"
EndProject
Global
	GlobalSection(SolutionConfigurationPlatforms) = preSolution
		Debug|Any CPU = Debug|Any CPU
		Release|Any CPU = Release|Any CPU
	EndGlobalSection
	GlobalSection(ProjectConfigurationPlatforms) = postSolution
		{C1825A18-0719-4D28-852A-54AFD9CF6EF2}.Debug|Any CPU.ActiveCfg = Debug|Any CPU
		{C1825A18-0719-4D28-852A-54AFD9CF6EF2}.Debug|Any CPU.Build.0 = Debug|Any CPU
		{C1825A18-0719-4D28-852A-54AFD9CF6EF2}.Release|Any CPU.ActiveCfg = Release|Any CPU
		{C1825A18-0719-4D28-852A-54AFD9CF6EF2}.Release|Any CPU.Build.0 = Release|Any CPU
		{ED81E8F5-765D-404B-A200-EDCBEE19F0F3}.Debug|Any CPU.ActiveCfg = Debug|Any CPU
		{ED81E8F5-765D-404B-A200-EDCBEE19F0F3}.Debug|Any CPU.Build.0 = Debug|Any CPU
		{ED81E8F5-765D-404B-A200-EDCBEE19F0F3}.Release|Any CPU.ActiveCfg = Release|Any CPU
		{ED81E8F5-765D-404B-A200-EDCBEE19F0F3}.Release|Any CPU.Build.0 = Release|Any CPU
		{54D1116F-4866-4345-B494-872C8A208C9E}.Debug|Any CPU.ActiveCfg = Debug|Any CPU
		{54D1116F-4866-4345-B494-872C8A208C9E}.Debug|Any CPU.Build.0 = Debug|Any CPU
		{54D1116F-4866-4345-B494-872C8A208C9E}.Release|Any CPU.ActiveCfg = Release|Any CPU
		{54D1116F-4866-4345-B494-872C8A208C9E}.Release|Any CPU.Build.0 = Release|Any CPU
		{04353BA8-F226-46A8-B620-EBAB4FD70B48}.Debug|Any CPU.ActiveCfg = Debug|Any CPU
		{04353BA8-F226-46A8-B620-EBAB4FD70B48}.Debug|Any CPU.Build.0 = Debug|Any CPU
		{04353BA8-F226-46A8-B620-EBAB4FD70B48}.Release|Any CPU.ActiveCfg = Release|Any CPU
		{04353BA8-F226-46A8-B620-EBAB4FD70B48}.Release|Any CPU.Build.0 = Release|Any CPU
		{06D7521E-473A-40E0-9A9E-743921C1D721}.Debug|Any CPU.ActiveCfg = Debug|Any CPU
		{06D7521E-473A-40E0-9A9E-743921C1D721}.Debug|Any CPU.Build.0 = Debug|Any CPU
		{06D7521E-473A-40E0-9A9E-743921C1D721}.Release|Any CPU.ActiveCfg = Release|Any CPU
		{06D7521E-473A-40E0-9A9E-743921C1D721}.Release|Any CPU.Build.0 = Release|Any CPU
		{84F795A7-5402-41C3-BC5A-80B75240FF3E}.Debug|Any CPU.ActiveCfg = Debug|Any CPU
		{84F795A7-5402-41C3-BC5A-80B75240FF3E}.Debug|Any CPU.Build.0 = Debug|Any CPU
		{84F795A7-5402-41C3-BC5A-80B75240FF3E}.Release|Any CPU.ActiveCfg = Release|Any CPU
		{84F795A7-5402-41C3-BC5A-80B75240FF3E}.Release|Any CPU.Build.0 = Release|Any CPU
	EndGlobalSection
	GlobalSection(SolutionProperties) = preSolution
		HideSolutionNode = FALSE
	EndGlobalSection
	GlobalSection(NestedProjects) = preSolution
		{0CDBE5DA-00E1-41B6-922C-7AE502D23124} = {6906F2B2-2CD2-4B0F-9B93-B62F42B4661F}
		{C1825A18-0719-4D28-852A-54AFD9CF6EF2} = {0CDBE5DA-00E1-41B6-922C-7AE502D23124}
		{ED81E8F5-765D-404B-A200-EDCBEE19F0F3} = {57A5C0E4-FF34-4B7B-90FB-64FC0E758FF2}
		{54D1116F-4866-4345-B494-872C8A208C9E} = {FC6F46FB-5E43-497C-AD08-A315BC3A13CA}
		{AD89D549-08D1-449C-95A2-1873B4642884} = {6906F2B2-2CD2-4B0F-9B93-B62F42B4661F}
		{04353BA8-F226-46A8-B620-EBAB4FD70B48} = {AD89D549-08D1-449C-95A2-1873B4642884}
		{67E70175-0F75-42FB-BE2E-6D752A6A9B9B} = {6906F2B2-2CD2-4B0F-9B93-B62F42B4661F}
		{06D7521E-473A-40E0-9A9E-743921C1D721} = {67E70175-0F75-42FB-BE2E-6D752A6A9B9B}
		{6A504242-8B08-49A8-8072-89E1A2E414ED} = {6906F2B2-2CD2-4B0F-9B93-B62F42B4661F}
		{84F795A7-5402-41C3-BC5A-80B75240FF3E} = {6A504242-8B08-49A8-8072-89E1A2E414ED}
	EndGlobalSection
	GlobalSection(ExtensibilityGlobals) = postSolution
		SolutionGuid = {E1794447-4C4A-4192-99D7-17D1B4F14444}
	EndGlobalSection
EndGlobal
